{
  "requires": true,
  "lockfileVersion": 1,
  "dependencies": {
    "bootstrap-select": {
      "version": "1.13.17",
      "resolved": "https://registry.npmjs.org/bootstrap-select/-/bootstrap-select-1.13.17.tgz",
      "integrity": "sha512-LbzSQumoZNYGuoYMpShKIHbJ2qUWFLI0qVHVeKqw5+nfhtMxz+Gre1+IuI3X74bTzQfalBqDKc8fS8tZMdciWg=="
    },
    "calculate-correlation": {
      "version": "1.0.1",
      "resolved": "https://registry.npmjs.org/calculate-correlation/-/calculate-correlation-1.0.1.tgz",
      "integrity": "sha512-Zz+fhs1m6wvM5CpiMyfDFSHVSr5ItATf24bSJmbn0aXrv01KNC6fi1UxetIJHsiILkcLyg/K4ZLRy1BuVPhcAg=="
    },
    "mdbootstrap": {
      "version": "4.18.0",
      "resolved": "https://registry.npmjs.org/mdbootstrap/-/mdbootstrap-4.18.0.tgz",
      "integrity": "sha512-4ztF6J460R4cbJAISKUSHzSBlPgjZy7fnuUATlbeHbLTLL7ZJwfJ1kibg2yX5dHz9KgJzcr9OKHBsnJAx9T0SA=="
    },
    "sellect.js": {
      "version": "1.0.0",
      "resolved": "https://registry.npmjs.org/sellect.js/-/sellect.js-1.0.0.tgz",
      "integrity": "sha1-+8NVpV2NJXSPoDZVX68dm2SPO/k="
    }
  }
}
